// !$*UTF8*$!
{
	archiveVersion = 1;
	classes = {
	};
	objectVersion = 55;
	objects = {

/* Begin PBXBuildFile section */
		EE14C87A278B1356007AE31B /* QuizzedApp.swift in Sources */ = {isa = PBXBuildFile; fileRef = EE14C879278B1356007AE31B /* QuizzedApp.swift */; };
		EE14C87C278B1356007AE31B /* StartView.swift in Sources */ = {isa = PBXBuildFile; fileRef = EE14C87B278B1356007AE31B /* StartView.swift */; };
		EE14C87E278B1358007AE31B /* Assets.xcassets in Resources */ = {isa = PBXBuildFile; fileRef = EE14C87D278B1358007AE31B /* Assets.xcassets */; };
		EE14C881278B1358007AE31B /* Preview Assets.xcassets in Resources */ = {isa = PBXBuildFile; fileRef = EE14C880278B1358007AE31B /* Preview Assets.xcassets */; };
		EE14C889278B14A8007AE31B /* SplashView.swift in Sources */ = {isa = PBXBuildFile; fileRef = EE14C888278B14A8007AE31B /* SplashView.swift */; };
		EE14C890278B422D007AE31B /* Category.swift in Sources */ = {isa = PBXBuildFile; fileRef = EE14C88F278B422D007AE31B /* Category.swift */; };
		EE6D0B1127A58A8F00975AB1 /* Extensions.swift in Sources */ = {isa = PBXBuildFile; fileRef = EE6D0B1027A58A8F00975AB1 /* Extensions.swift */; };
		EE6D0B1327A58F5400975AB1 /* StatsView.swift in Sources */ = {isa = PBXBuildFile; fileRef = EE6D0B1227A58F5400975AB1 /* StatsView.swift */; };
		EE6D0B1527A5980D00975AB1 /* HomeHolderView.swift in Sources */ = {isa = PBXBuildFile; fileRef = EE6D0B1427A5980D00975AB1 /* HomeHolderView.swift */; };
		EE86CD4327A87E5200BDB3C8 /* RoundedCornerShape.swift in Sources */ = {isa = PBXBuildFile; fileRef = EE86CD4227A87E5200BDB3C8 /* RoundedCornerShape.swift */; };
		EE86CD4627A8979700BDB3C8 /* Lottie in Frameworks */ = {isa = PBXBuildFile; productRef = EE86CD4527A8979700BDB3C8 /* Lottie */; };
		EE86CD4927A897CC00BDB3C8 /* loadingAnimation.json in Resources */ = {isa = PBXBuildFile; fileRef = EE86CD4827A897CC00BDB3C8 /* loadingAnimation.json */; };
		EE86CD4B27A897EA00BDB3C8 /* LottieView.swift in Sources */ = {isa = PBXBuildFile; fileRef = EE86CD4A27A897EA00BDB3C8 /* LottieView.swift */; };
		EE90063F278CB51200B9BAB8 /* QuizViewModel.swift in Sources */ = {isa = PBXBuildFile; fileRef = EE90063E278CB51200B9BAB8 /* QuizViewModel.swift */; };
		EE900641278CB5A900B9BAB8 /* Answer.swift in Sources */ = {isa = PBXBuildFile; fileRef = EE900640278CB5A900B9BAB8 /* Answer.swift */; };
		EE900643278CB5D600B9BAB8 /* Quiz.swift in Sources */ = {isa = PBXBuildFile; fileRef = EE900642278CB5D600B9BAB8 /* Quiz.swift */; };
		EE900648278CD8F700B9BAB8 /* ProgressBarView.swift in Sources */ = {isa = PBXBuildFile; fileRef = EE900647278CD8F700B9BAB8 /* ProgressBarView.swift */; };
		EE90064A278CDBEB00B9BAB8 /* AnswerRow.swift in Sources */ = {isa = PBXBuildFile; fileRef = EE900649278CDBEB00B9BAB8 /* AnswerRow.swift */; };
		EE978A59278F83BE00B89F0A /* ResultView.swift in Sources */ = {isa = PBXBuildFile; fileRef = EE978A58278F83BE00B89F0A /* ResultView.swift */; };
		EEC1F6F627A0AB7800CDD70A /* HomeView.swift in Sources */ = {isa = PBXBuildFile; fileRef = EEC1F6F527A0AB7800CDD70A /* HomeView.swift */; };
		EEC1F6F827A0B0FF00CDD70A /* CategoryButton.swift in Sources */ = {isa = PBXBuildFile; fileRef = EEC1F6F727A0B0FF00CDD70A /* CategoryButton.swift */; };
		EEC1F6FA27A1F4F200CDD70A /* DifficultyButton.swift in Sources */ = {isa = PBXBuildFile; fileRef = EEC1F6F927A1F4F200CDD70A /* DifficultyButton.swift */; };
		EEC1F6FC27A1FDBC00CDD70A /* DifficultyView.swift in Sources */ = {isa = PBXBuildFile; fileRef = EEC1F6FB27A1FDBC00CDD70A /* DifficultyView.swift */; };
		EEC1F6FE27A33F7300CDD70A /* QuestionView.swift in Sources */ = {isa = PBXBuildFile; fileRef = EEC1F6FD27A33F7300CDD70A /* QuestionView.swift */; };
		EECE92BA283A8A99001FD7A4 /* StatsViewModel.swift in Sources */ = {isa = PBXBuildFile; fileRef = EECE92B9283A8A99001FD7A4 /* StatsViewModel.swift */; };
/* End PBXBuildFile section */

/* Begin PBXFileReference section */
		EE14C876278B1356007AE31B /* Quizzed.app */ = {isa = PBXFileReference; explicitFileType = wrapper.application; includeInIndex = 0; path = Quizzed.app; sourceTree = BUILT_PRODUCTS_DIR; };
		EE14C879278B1356007AE31B /* QuizzedApp.swift */ = {isa = PBXFileReference; lastKnownFileType = sourcecode.swift; path = QuizzedApp.swift; sourceTree = "<group>"; };
		EE14C87B278B1356007AE31B /* StartView.swift */ = {isa = PBXFileReference; lastKnownFileType = sourcecode.swift; path = StartView.swift; sourceTree = "<group>"; };
		EE14C87D278B1358007AE31B /* Assets.xcassets */ = {isa = PBXFileReference; lastKnownFileType = folder.assetcatalog; path = Assets.xcassets; sourceTree = "<group>"; };
		EE14C880278B1358007AE31B /* Preview Assets.xcassets */ = {isa = PBXFileReference; lastKnownFileType = folder.assetcatalog; path = "Preview Assets.xcassets"; sourceTree = "<group>"; };
		EE14C888278B14A8007AE31B /* SplashView.swift */ = {isa = PBXFileReference; lastKnownFileType = sourcecode.swift; path = SplashView.swift; sourceTree = "<group>"; };
		EE14C88C278B2A9C007AE31B /* Info.plist */ = {isa = PBXFileReference; lastKnownFileType = text.plist; path = Info.plist; sourceTree = "<group>"; };
		EE14C88F278B422D007AE31B /* Category.swift */ = {isa = PBXFileReference; lastKnownFileType = sourcecode.swift; path = Category.swift; sourceTree = "<group>"; };
		EE6D0B1027A58A8F00975AB1 /* Extensions.swift */ = {isa = PBXFileReference; lastKnownFileType = sourcecode.swift; path = Extensions.swift; sourceTree = "<group>"; };
		EE6D0B1227A58F5400975AB1 /* StatsView.swift */ = {isa = PBXFileReference; lastKnownFileType = sourcecode.swift; path = StatsView.swift; sourceTree = "<group>"; };
		EE6D0B1427A5980D00975AB1 /* HomeHolderView.swift */ = {isa = PBXFileReference; lastKnownFileType = sourcecode.swift; path = HomeHolderView.swift; sourceTree = "<group>"; };
		EE86CD4227A87E5200BDB3C8 /* RoundedCornerShape.swift */ = {isa = PBXFileReference; lastKnownFileType = sourcecode.swift; path = RoundedCornerShape.swift; sourceTree = "<group>"; };
		EE86CD4827A897CC00BDB3C8 /* loadingAnimation.json */ = {isa = PBXFileReference; fileEncoding = 4; lastKnownFileType = text.json; path = loadingAnimation.json; sourceTree = "<group>"; };
		EE86CD4A27A897EA00BDB3C8 /* LottieView.swift */ = {isa = PBXFileReference; lastKnownFileType = sourcecode.swift; path = LottieView.swift; sourceTree = "<group>"; };
		EE90063E278CB51200B9BAB8 /* QuizViewModel.swift */ = {isa = PBXFileReference; lastKnownFileType = sourcecode.swift; path = QuizViewModel.swift; sourceTree = "<group>"; };
		EE900640278CB5A900B9BAB8 /* Answer.swift */ = {isa = PBXFileReference; lastKnownFileType = sourcecode.swift; path = Answer.swift; sourceTree = "<group>"; };
		EE900642278CB5D600B9BAB8 /* Quiz.swift */ = {isa = PBXFileReference; lastKnownFileType = sourcecode.swift; path = Quiz.swift; sourceTree = "<group>"; };
		EE900647278CD8F700B9BAB8 /* ProgressBarView.swift */ = {isa = PBXFileReference; lastKnownFileType = sourcecode.swift; path = ProgressBarView.swift; sourceTree = "<group>"; };
		EE900649278CDBEB00B9BAB8 /* AnswerRow.swift */ = {isa = PBXFileReference; lastKnownFileType = sourcecode.swift; path = AnswerRow.swift; sourceTree = "<group>"; };
		EE978A58278F83BE00B89F0A /* ResultView.swift */ = {isa = PBXFileReference; lastKnownFileType = sourcecode.swift; path = ResultView.swift; sourceTree = "<group>"; };
		EEC1F6F527A0AB7800CDD70A /* HomeView.swift */ = {isa = PBXFileReference; lastKnownFileType = sourcecode.swift; path = HomeView.swift; sourceTree = "<group>"; };
		EEC1F6F727A0B0FF00CDD70A /* CategoryButton.swift */ = {isa = PBXFileReference; lastKnownFileType = sourcecode.swift; path = CategoryButton.swift; sourceTree = "<group>"; };
		EEC1F6F927A1F4F200CDD70A /* DifficultyButton.swift */ = {isa = PBXFileReference; lastKnownFileType = sourcecode.swift; path = DifficultyButton.swift; sourceTree = "<group>"; };
		EEC1F6FB27A1FDBC00CDD70A /* DifficultyView.swift */ = {isa = PBXFileReference; lastKnownFileType = sourcecode.swift; path = DifficultyView.swift; sourceTree = "<group>"; };
		EEC1F6FD27A33F7300CDD70A /* QuestionView.swift */ = {isa = PBXFileReference; lastKnownFileType = sourcecode.swift; path = QuestionView.swift; sourceTree = "<group>"; };
		EECE92B9283A8A99001FD7A4 /* StatsViewModel.swift */ = {isa = PBXFileReference; lastKnownFileType = sourcecode.swift; path = StatsViewModel.swift; sourceTree = "<group>"; };
/* End PBXFileReference section */

/* Begin PBXFrameworksBuildPhase section */
		EE14C873278B1356007AE31B /* Frameworks */ = {
			isa = PBXFrameworksBuildPhase;
			buildActionMask = 2147483647;
			files = (
				EE86CD4627A8979700BDB3C8 /* Lottie in Frameworks */,
			);
			runOnlyForDeploymentPostprocessing = 0;
		};
/* End PBXFrameworksBuildPhase section */

/* Begin PBXGroup section */
		EE14C86D278B1356007AE31B = {
			isa = PBXGroup;
			children = (
				EE14C878278B1356007AE31B /* Quizzed */,
				EE14C877278B1356007AE31B /* Products */,
			);
			sourceTree = "<group>";
		};
		EE14C877278B1356007AE31B /* Products */ = {
			isa = PBXGroup;
			children = (
				EE14C876278B1356007AE31B /* Quizzed.app */,
			);
			name = Products;
			sourceTree = "<group>";
		};
		EE14C878278B1356007AE31B /* Quizzed */ = {
			isa = PBXGroup;
			children = (
				EE14C879278B1356007AE31B /* QuizzedApp.swift */,
				EE14C87B278B1356007AE31B /* StartView.swift */,
				EE14C887278B149B007AE31B /* Views */,
				EE900646278CD8DF00B9BAB8 /* Components */,
				EE6D0B0F27A58A4100975AB1 /* Helpers */,
				EE90063D278CB4CE00B9BAB8 /* ViewModels */,
				EE14C88E278B41E5007AE31B /* Models */,
				EE14C88C278B2A9C007AE31B /* Info.plist */,
				EE86CD4727A897AC00BDB3C8 /* Lottie */,
				EE14C87D278B1358007AE31B /* Assets.xcassets */,
				EE14C87F278B1358007AE31B /* Preview Content */,
			);
			path = Quizzed;
			sourceTree = "<group>";
		};
		EE14C87F278B1358007AE31B /* Preview Content */ = {
			isa = PBXGroup;
			children = (
				EE14C880278B1358007AE31B /* Preview Assets.xcassets */,
			);
			path = "Preview Content";
			sourceTree = "<group>";
		};
		EE14C887278B149B007AE31B /* Views */ = {
			isa = PBXGroup;
			children = (
				EE14C888278B14A8007AE31B /* SplashView.swift */,
				EE6D0B1427A5980D00975AB1 /* HomeHolderView.swift */,
				EEC1F6F527A0AB7800CDD70A /* HomeView.swift */,
				EEC1F6FB27A1FDBC00CDD70A /* DifficultyView.swift */,
				EEC1F6FD27A33F7300CDD70A /* QuestionView.swift */,
				EE978A58278F83BE00B89F0A /* ResultView.swift */,
				EE6D0B1227A58F5400975AB1 /* StatsView.swift */,
			);
			path = Views;
			sourceTree = "<group>";
		};
		EE14C88E278B41E5007AE31B /* Models */ = {
			isa = PBXGroup;
			children = (
				EE14C88F278B422D007AE31B /* Category.swift */,
				EE900640278CB5A900B9BAB8 /* Answer.swift */,
				EE900642278CB5D600B9BAB8 /* Quiz.swift */,
			);
			path = Models;
			sourceTree = "<group>";
		};
		EE6D0B0F27A58A4100975AB1 /* Helpers */ = {
			isa = PBXGroup;
			children = (
				EE6D0B1027A58A8F00975AB1 /* Extensions.swift */,
			);
			path = Helpers;
			sourceTree = "<group>";
		};
		EE86CD4727A897AC00BDB3C8 /* Lottie */ = {
			isa = PBXGroup;
			children = (
				EE86CD4827A897CC00BDB3C8 /* loadingAnimation.json */,
			);
			path = Lottie;
			sourceTree = "<group>";
		};
		EE90063D278CB4CE00B9BAB8 /* ViewModels */ = {
			isa = PBXGroup;
			children = (
				EE90063E278CB51200B9BAB8 /* QuizViewModel.swift */,
				EECE92B9283A8A99001FD7A4 /* StatsViewModel.swift */,
			);
			path = ViewModels;
			sourceTree = "<group>";
		};
		EE900646278CD8DF00B9BAB8 /* Components */ = {
			isa = PBXGroup;
			children = (
				EE900647278CD8F700B9BAB8 /* ProgressBarView.swift */,
				EE900649278CDBEB00B9BAB8 /* AnswerRow.swift */,
				EEC1F6F727A0B0FF00CDD70A /* CategoryButton.swift */,
				EEC1F6F927A1F4F200CDD70A /* DifficultyButton.swift */,
				EE86CD4227A87E5200BDB3C8 /* RoundedCornerShape.swift */,
				EE86CD4A27A897EA00BDB3C8 /* LottieView.swift */,
			);
			path = Components;
			sourceTree = "<group>";
		};
/* End PBXGroup section */

/* Begin PBXNativeTarget section */
		EE14C875278B1356007AE31B /* Quizzed */ = {
			isa = PBXNativeTarget;
			buildConfigurationList = EE14C884278B1358007AE31B /* Build configuration list for PBXNativeTarget "Quizzed" */;
			buildPhases = (
				EE14C872278B1356007AE31B /* Sources */,
				EE14C873278B1356007AE31B /* Frameworks */,
				EE14C874278B1356007AE31B /* Resources */,
			);
			buildRules = (
			);
			dependencies = (
			);
			name = Quizzed;
			packageProductDependencies = (
				EE86CD4527A8979700BDB3C8 /* Lottie */,
			);
			productName = Quizzed;
			productReference = EE14C876278B1356007AE31B /* Quizzed.app */;
			productType = "com.apple.product-type.application";
		};
/* End PBXNativeTarget section */

/* Begin PBXProject section */
		EE14C86E278B1356007AE31B /* Project object */ = {
			isa = PBXProject;
			attributes = {
				BuildIndependentTargetsInParallel = 1;
				LastSwiftUpdateCheck = 1310;
				LastUpgradeCheck = 1310;
				TargetAttributes = {
					EE14C875278B1356007AE31B = {
						CreatedOnToolsVersion = 13.1;
					};
				};
			};
			buildConfigurationList = EE14C871278B1356007AE31B /* Build configuration list for PBXProject "Quizzed" */;
			compatibilityVersion = "Xcode 13.0";
			developmentRegion = en;
			hasScannedForEncodings = 0;
			knownRegions = (
				en,
				Base,
			);
			mainGroup = EE14C86D278B1356007AE31B;
			packageReferences = (
				EE86CD4427A8979700BDB3C8 /* XCRemoteSwiftPackageReference "lottie-ios" */,
			);
			productRefGroup = EE14C877278B1356007AE31B /* Products */;
			projectDirPath = "";
			projectRoot = "";
			targets = (
				EE14C875278B1356007AE31B /* Quizzed */,
			);
		};
/* End PBXProject section */

/* Begin PBXResourcesBuildPhase section */
		EE14C874278B1356007AE31B /* Resources */ = {
			isa = PBXResourcesBuildPhase;
			buildActionMask = 2147483647;
			files = (
				EE86CD4927A897CC00BDB3C8 /* loadingAnimation.json in Resources */,
				EE14C881278B1358007AE31B /* Preview Assets.xcassets in Resources */,
				EE14C87E278B1358007AE31B /* Assets.xcassets in Resources */,
			);
			runOnlyForDeploymentPostprocessing = 0;
		};
/* End PBXResourcesBuildPhase section */

/* Begin PBXSourcesBuildPhase section */
		EE14C872278B1356007AE31B /* Sources */ = {
			isa = PBXSourcesBuildPhase;
			buildActionMask = 2147483647;
			files = (
				EEC1F6FA27A1F4F200CDD70A /* DifficultyButton.swift in Sources */,
				EE6D0B1127A58A8F00975AB1 /* Extensions.swift in Sources */,
				EE14C87C278B1356007AE31B /* StartView.swift in Sources */,
				EEC1F6F627A0AB7800CDD70A /* HomeView.swift in Sources */,
				EE14C890278B422D007AE31B /* Category.swift in Sources */,
				EE90063F278CB51200B9BAB8 /* QuizViewModel.swift in Sources */,
				EE14C87A278B1356007AE31B /* QuizzedApp.swift in Sources */,
				EE86CD4B27A897EA00BDB3C8 /* LottieView.swift in Sources */,
				EEC1F6F827A0B0FF00CDD70A /* CategoryButton.swift in Sources */,
				EE14C889278B14A8007AE31B /* SplashView.swift in Sources */,
				EECE92BA283A8A99001FD7A4 /* StatsViewModel.swift in Sources */,
				EE978A59278F83BE00B89F0A /* ResultView.swift in Sources */,
				EE86CD4327A87E5200BDB3C8 /* RoundedCornerShape.swift in Sources */,
				EEC1F6FC27A1FDBC00CDD70A /* DifficultyView.swift in Sources */,
				EE6D0B1527A5980D00975AB1 /* HomeHolderView.swift in Sources */,
				EE900641278CB5A900B9BAB8 /* Answer.swift in Sources */,
				EE6D0B1327A58F5400975AB1 /* StatsView.swift in Sources */,
				EE900643278CB5D600B9BAB8 /* Quiz.swift in Sources */,
				EE90064A278CDBEB00B9BAB8 /* AnswerRow.swift in Sources */,
				EEC1F6FE27A33F7300CDD70A /* QuestionView.swift in Sources */,
				EE900648278CD8F700B9BAB8 /* ProgressBarView.swift in Sources */,
			);
			runOnlyForDeploymentPostprocessing = 0;
		};
/* End PBXSourcesBuildPhase section */

/* Begin XCBuildConfiguration section */
		EE14C882278B1358007AE31B /* Debug */ = {
			isa = XCBuildConfiguration;
			buildSettings = {
				ALWAYS_SEARCH_USER_PATHS = NO;
				CLANG_ANALYZER_NONNULL = YES;
				CLANG_ANALYZER_NUMBER_OBJECT_CONVERSION = YES_AGGRESSIVE;
				CLANG_CXX_LANGUAGE_STANDARD = "gnu++17";
				CLANG_CXX_LIBRARY = "libc++";
				CLANG_ENABLE_MODULES = YES;
				CLANG_ENABLE_OBJC_ARC = YES;
				CLANG_ENABLE_OBJC_WEAK = YES;
				CLANG_WARN_BLOCK_CAPTURE_AUTORELEASING = YES;
				CLANG_WARN_BOOL_CONVERSION = YES;
				CLANG_WARN_COMMA = YES;
				CLANG_WARN_CONSTANT_CONVERSION = YES;
				CLANG_WARN_DEPRECATED_OBJC_IMPLEMENTATIONS = YES;
				CLANG_WARN_DIRECT_OBJC_ISA_USAGE = YES_ERROR;
				CLANG_WARN_DOCUMENTATION_COMMENTS = YES;
				CLANG_WARN_EMPTY_BODY = YES;
				CLANG_WARN_ENUM_CONVERSION = YES;
				CLANG_WARN_INFINITE_RECURSION = YES;
				CLANG_WARN_INT_CONVERSION = YES;
				CLANG_WARN_NON_LITERAL_NULL_CONVERSION = YES;
				CLANG_WARN_OBJC_IMPLICIT_RETAIN_SELF = YES;
				CLANG_WARN_OBJC_LITERAL_CONVERSION = YES;
				CLANG_WARN_OBJC_ROOT_CLASS = YES_ERROR;
				CLANG_WARN_QUOTED_INCLUDE_IN_FRAMEWORK_HEADER = YES;
				CLANG_WARN_RANGE_LOOP_ANALYSIS = YES;
				CLANG_WARN_STRICT_PROTOTYPES = YES;
				CLANG_WARN_SUSPICIOUS_MOVE = YES;
				CLANG_WARN_UNGUARDED_AVAILABILITY = YES_AGGRESSIVE;
				CLANG_WARN_UNREACHABLE_CODE = YES;
				CLANG_WARN__DUPLICATE_METHOD_MATCH = YES;
				COPY_PHASE_STRIP = NO;
				DEBUG_INFORMATION_FORMAT = dwarf;
				ENABLE_STRICT_OBJC_MSGSEND = YES;
				ENABLE_TESTABILITY = YES;
				GCC_C_LANGUAGE_STANDARD = gnu11;
				GCC_DYNAMIC_NO_PIC = NO;
				GCC_NO_COMMON_BLOCKS = YES;
				GCC_OPTIMIZATION_LEVEL = 0;
				GCC_PREPROCESSOR_DEFINITIONS = (
					"DEBUG=1",
					"$(inherited)",
				);
				GCC_WARN_64_TO_32_BIT_CONVERSION = YES;
				GCC_WARN_ABOUT_RETURN_TYPE = YES_ERROR;
				GCC_WARN_UNDECLARED_SELECTOR = YES;
				GCC_WARN_UNINITIALIZED_AUTOS = YES_AGGRESSIVE;
				GCC_WARN_UNUSED_FUNCTION = YES;
				GCC_WARN_UNUSED_VARIABLE = YES;
				IPHONEOS_DEPLOYMENT_TARGET = 15.0;
				MTL_ENABLE_DEBUG_INFO = INCLUDE_SOURCE;
				MTL_FAST_MATH = YES;
				ONLY_ACTIVE_ARCH = YES;
				SDKROOT = iphoneos;
				SWIFT_ACTIVE_COMPILATION_CONDITIONS = DEBUG;
				SWIFT_OPTIMIZATION_LEVEL = "-Onone";
			};
			name = Debug;
		};
		EE14C883278B1358007AE31B /* Release */ = {
			isa = XCBuildConfiguration;
			buildSettings = {
				ALWAYS_SEARCH_USER_PATHS = NO;
				CLANG_ANALYZER_NONNULL = YES;
				CLANG_ANALYZER_NUMBER_OBJECT_CONVERSION = YES_AGGRESSIVE;
				CLANG_CXX_LANGUAGE_STANDARD = "gnu++17";
				CLANG_CXX_LIBRARY = "libc++";
				CLANG_ENABLE_MODULES = YES;
				CLANG_ENABLE_OBJC_ARC = YES;
				CLANG_ENABLE_OBJC_WEAK = YES;
				CLANG_WARN_BLOCK_CAPTURE_AUTORELEASING = YES;
				CLANG_WARN_BOOL_CONVERSION = YES;
				CLANG_WARN_COMMA = YES;
				CLANG_WARN_CONSTANT_CONVERSION = YES;
				CLANG_WARN_DEPRECATED_OBJC_IMPLEMENTATIONS = YES;
				CLANG_WARN_DIRECT_OBJC_ISA_USAGE = YES_ERROR;
				CLANG_WARN_DOCUMENTATION_COMMENTS = YES;
				CLANG_WARN_EMPTY_BODY = YES;
				CLANG_WARN_ENUM_CONVERSION = YES;
				CLANG_WARN_INFINITE_RECURSION = YES;
				CLANG_WARN_INT_CONVERSION = YES;
				CLANG_WARN_NON_LITERAL_NULL_CONVERSION = YES;
				CLANG_WARN_OBJC_IMPLICIT_RETAIN_SELF = YES;
				CLANG_WARN_OBJC_LITERAL_CONVERSION = YES;
				CLANG_WARN_OBJC_ROOT_CLASS = YES_ERROR;
				CLANG_WARN_QUOTED_INCLUDE_IN_FRAMEWORK_HEADER = YES;
				CLANG_WARN_RANGE_LOOP_ANALYSIS = YES;
				CLANG_WARN_STRICT_PROTOTYPES = YES;
				CLANG_WARN_SUSPICIOUS_MOVE = YES;
				CLANG_WARN_UNGUARDED_AVAILABILITY = YES_AGGRESSIVE;
				CLANG_WARN_UNREACHABLE_CODE = YES;
				CLANG_WARN__DUPLICATE_METHOD_MATCH = YES;
				COPY_PHASE_STRIP = NO;
				DEBUG_INFORMATION_FORMAT = "dwarf-with-dsym";
				ENABLE_NS_ASSERTIONS = NO;
				ENABLE_STRICT_OBJC_MSGSEND = YES;
				GCC_C_LANGUAGE_STANDARD = gnu11;
				GCC_NO_COMMON_BLOCKS = YES;
				GCC_WARN_64_TO_32_BIT_CONVERSION = YES;
				GCC_WARN_ABOUT_RETURN_TYPE = YES_ERROR;
				GCC_WARN_UNDECLARED_SELECTOR = YES;
				GCC_WARN_UNINITIALIZED_AUTOS = YES_AGGRESSIVE;
				GCC_WARN_UNUSED_FUNCTION = YES;
				GCC_WARN_UNUSED_VARIABLE = YES;
				IPHONEOS_DEPLOYMENT_TARGET = 15.0;
				MTL_ENABLE_DEBUG_INFO = NO;
				MTL_FAST_MATH = YES;
				SDKROOT = iphoneos;
				SWIFT_COMPILATION_MODE = wholemodule;
				SWIFT_OPTIMIZATION_LEVEL = "-O";
				VALIDATE_PRODUCT = YES;
			};
			name = Release;
		};
		EE14C885278B1358007AE31B /* Debug */ = {
			isa = XCBuildConfiguration;
			buildSettings = {
				ASSETCATALOG_COMPILER_APPICON_NAME = AppIcon;
				ASSETCATALOG_COMPILER_GLOBAL_ACCENT_COLOR_NAME = AccentColor;
				CODE_SIGN_STYLE = Automatic;
				CURRENT_PROJECT_VERSION = 1;
				DEVELOPMENT_ASSET_PATHS = "\"Quizzed/Preview Content\"";
				DEVELOPMENT_TEAM = VZ5R657T48;
				ENABLE_PREVIEWS = YES;
				GENERATE_INFOPLIST_FILE = YES;
				INFOPLIST_FILE = Quizzed/Info.plist;
				INFOPLIST_KEY_UIApplicationSceneManifest_Generation = YES;
				INFOPLIST_KEY_UIApplicationSupportsIndirectInputEvents = YES;
				INFOPLIST_KEY_UISupportedInterfaceOrientations = UIInterfaceOrientationPortrait;
				INFOPLIST_KEY_UISupportedInterfaceOrientations_iPad = "UIInterfaceOrientationPortrait UIInterfaceOrientationPortraitUpsideDown UIInterfaceOrientationLandscapeLeft UIInterfaceOrientationLandscapeRight";
				INFOPLIST_KEY_UISupportedInterfaceOrientations_iPhone = "UIInterfaceOrientationPortrait UIInterfaceOrientationLandscapeLeft UIInterfaceOrientationLandscapeRight";
				LD_RUNPATH_SEARCH_PATHS = (
					"$(inherited)",
					"@executable_path/Frameworks",
				);
				MARKETING_VERSION = 1.0;
				PRODUCT_BUNDLE_IDENTIFIER = AaronArcher.Quizzed;
				PRODUCT_NAME = "$(TARGET_NAME)";
				SWIFT_EMIT_LOC_STRINGS = YES;
				SWIFT_VERSION = 5.0;
				TARGETED_DEVICE_FAMILY = 1;
			};
			name = Debug;
		};
		EE14C886278B1358007AE31B /* Release */ = {
			isa = XCBuildConfiguration;
			buildSettings = {
				ASSETCATALOG_COMPILER_APPICON_NAME = AppIcon;
				ASSETCATALOG_COMPILER_GLOBAL_ACCENT_COLOR_NAME = AccentColor;
				CODE_SIGN_STYLE = Automatic;
				CURRENT_PROJECT_VERSION = 1;
				DEVELOPMENT_ASSET_PATHS = "\"Quizzed/Preview Content\"";
				DEVELOPMENT_TEAM = VZ5R657T48;
				ENABLE_PREVIEWS = YES;
				GENERATE_INFOPLIST_FILE = YES;
				INFOPLIST_FILE = Quizzed/Info.plist;
				INFOPLIST_KEY_UIApplicationSceneManifest_Generation = YES;
				INFOPLIST_KEY_UIApplicationSupportsIndirectInputEvents = YES;
				INFOPLIST_KEY_UISupportedInterfaceOrientations = UIInterfaceOrientationPortrait;
				INFOPLIST_KEY_UISupportedInterfaceOrientations_iPad = "UIInterfaceOrientationPortrait UIInterfaceOrientationPortraitUpsideDown UIInterfaceOrientationLandscapeLeft UIInterfaceOrientationLandscapeRight";
				INFOPLIST_KEY_UISupportedInterfaceOrientations_iPhone = "UIInterfaceOrientationPortrait UIInterfaceOrientationLandscapeLeft UIInterfaceOrientationLandscapeRight";
				LD_RUNPATH_SEARCH_PATHS = (
					"$(inherited)",
					"@executable_path/Frameworks",
				);
				MARKETING_VERSION = 1.0;
				PRODUCT_BUNDLE_IDENTIFIER = AaronArcher.Quizzed;
				PRODUCT_NAME = "$(TARGET_NAME)";
				SWIFT_EMIT_LOC_STRINGS = YES;
				SWIFT_VERSION = 5.0;
				TARGETED_DEVICE_FAMILY = 1;
			};
			name = Release;
		};
/* End XCBuildConfiguration section */

/* Begin XCConfigurationList section */
		EE14C871278B1356007AE31B /* Build configuration list for PBXProject "Quizzed" */ = {
			isa = XCConfigurationList;
			buildConfigurations = (
				EE14C882278B1358007AE31B /* Debug */,
				EE14C883278B1358007AE31B /* Release */,
			);
			defaultConfigurationIsVisible = 0;
			defaultConfigurationName = Release;
		};
		EE14C884278B1358007AE31B /* Build configuration list for PBXNativeTarget "Quizzed" */ = {
			isa = XCConfigurationList;
			buildConfigurations = (
				EE14C885278B1358007AE31B /* Debug */,
				EE14C886278B1358007AE31B /* Release */,
			);
			defaultConfigurationIsVisible = 0;
			defaultConfigurationName = Release;
		};
/* End XCConfigurationList section */

/* Begin XCRemoteSwiftPackageReference section */
		EE86CD4427A8979700BDB3C8 /* XCRemoteSwiftPackageReference "lottie-ios" */ = {
			isa = XCRemoteSwiftPackageReference;
			repositoryURL = "https://github.com/airbnb/lottie-ios.git";
			requirement = {
				branch = master;
				kind = branch;
			};
		};
/* End XCRemoteSwiftPackageReference section */

/* Begin XCSwiftPackageProductDependency section */
		EE86CD4527A8979700BDB3C8 /* Lottie */ = {
			isa = XCSwiftPackageProductDependency;
			package = EE86CD4427A8979700BDB3C8 /* XCRemoteSwiftPackageReference "lottie-ios" */;
			productName = Lottie;
		};
/* End XCSwiftPackageProductDependency section */
	};
	rootObject = EE14C86E278B1356007AE31B /* Project object */;
}
